
Microsoft Visual Studio Solution File, Format Version 12.00
Project("{FAE04EC0-301F-11D3-BF4B-00C04F79EFBC}") = "comp 1201 Object Oriented Programming2", "comp 1201 Object Oriented Programming2.csproj", "{C30CF12F-7976-4190-A43C-86043A8ACB89}"
EndProject
Global
	GlobalSection(SolutionConfigurationPlatforms) = preSolution
		Debug|Any CPU = Debug|Any CPU
		Release|Any CPU = Release|Any CPU
	EndGlobalSection
	GlobalSection(ProjectConfigurationPlatforms) = postSolution
		{C30CF12F-7976-4190-A43C-86043A8ACB89}.Debug|Any CPU.ActiveCfg = Debug|Any CPU
		{C30CF12F-7976-4190-A43C-86043A8ACB89}.Debug|Any CPU.Build.0 = Debug|Any CPU
		{C30CF12F-7976-4190-A43C-86043A8ACB89}.Release|Any CPU.ActiveCfg = Release|Any CPU
		{C30CF12F-7976-4190-A43C-86043A8ACB89}.Release|Any CPU.Build.0 = Release|Any CPU
	EndGlobalSection
EndGlobal
